
Microsoft Visual Studio Solution File, Format Version 12.00
# Visual Studio 15
VisualStudioVersion = 15.0.28010.2019
MinimumVisualStudioVersion = 10.0.40219.1
Project("{FAE04EC0-301F-11D3-BF4B-00C04F79EFBC}") = "PokerTournament", "PokerTournament\PokerTournament.csproj", "{7C0A1C33-97EC-4F22-B27B-F792E4E822BD}"
EndProject
Project("{2150E333-8FDC-42A3-9474-1A3956D46DE8}") = "Solution Items", "Solution Items", "{8D126551-2479-4C7B-97E7-0A71B64E0D70}"
	ProjectSection(SolutionItems) = preProject
		PokerTournament\Class1.cs = PokerTournament\Class1.cs
	EndProjectSection
EndProject
Global
	GlobalSection(SolutionConfigurationPlatforms) = preSolution
		Debug|Any CPU = Debug|Any CPU
		Release|Any CPU = Release|Any CPU
	EndGlobalSection
	GlobalSection(ProjectConfigurationPlatforms) = postSolution
		{7C0A1C33-97EC-4F22-B27B-F792E4E822BD}.Debug|Any CPU.ActiveCfg = Debug|Any CPU
		{7C0A1C33-97EC-4F22-B27B-F792E4E822BD}.Debug|Any CPU.Build.0 = Debug|Any CPU
		{7C0A1C33-97EC-4F22-B27B-F792E4E822BD}.Release|Any CPU.ActiveCfg = Release|Any CPU
		{7C0A1C33-97EC-4F22-B27B-F792E4E822BD}.Release|Any CPU.Build.0 = Release|Any CPU
	EndGlobalSection
	GlobalSection(SolutionProperties) = preSolution
		HideSolutionNode = FALSE
	EndGlobalSection
	GlobalSection(ExtensibilityGlobals) = postSolution
		SolutionGuid = {F7A55642-3CC0-4759-A7DB-6E5463A23655}
	EndGlobalSection
EndGlobal
